github.com/cloudflare/circl v1.6.1 h1:zqIqSPIndyBh1bjLVVDHMPpVKqp8Su/V+6MeDzzQBQ0=
github.com/cloudflare/circl v1.6.1/go.mod h1:uddAzsPgqdMAYatqJ0lsjX1oECcQLIlRpzZh3pJrofs=
github.com/davecgh/go-spew v1.1.0 h1:ZDRjVQ15GmhC3fiQ8ni8+OwkZQO4DARzQgrnXU1Liz8=
github.com/davecgh/go-spew v1.1.0/go.mod h1:J7Y8YcW2NihsgmVo/mv3lAwl/skON4iLHjSsI+c5H38=
github.com/joho/godotenv v1.5.1/go.mod h1:f4LDr5Voq0i2e/R5DDNOoa2zzDfwtkZa6DnEwAbqwq4=
github.com/klauspost/cpuid/v2 v2.0.9 h1:lgaqFMSdTdQYdZ04uHyN2d/eKdOMyi2YLSvlQIBFYa4=
github.com/klauspost/cpuid/v2 v2.0.9/go.mod h1:FInQzS24/EEf25PyTYn52gqo7WaD8xa0213Md/qVLRg=
github.com/pmezard/go-difflib v1.0.0 h1:4DBwDE0NGyQoBHbLQYPwSUPoCMWR5BEzIk/f1lZbAQM=
github.com/pmezard/go-difflib v1.0.0/go.mod h1:iKH77koFhYxTK1pcRnkKkqfTogsbg7gZNVY4sRDYZ/4=
github.com/stretchr/objx v0.1.0/go.mod h1:HFkY916IF+rwdDfMAkV7OtwuqBVzrE8GR6GFx+wExME=
github.com/stretchr/testify v1.3.0 h1:TivCn/peBQ7UY8ooIcPgZFpTNSz0Q2U6UrFlUfqbe0Q=
github.com/stretchr/testify v1.3.0/go.mod h1:M5WIy9Dh21IEIfnGCwXGc5bZfKNJtfHm1UVUgZn+9EI=
go.dedis.ch/fixbuf v1.0.3 h1:hGcV9Cd/znUxlusJ64eAlExS+5cJDIyTyEG+otu5wQs=
go.dedis.ch/fixbuf v1.0.3/go.mod h1:yzJMt34Wa5xD37V5RTdmp38cz3QhMagdGoem9anUalw=
go.dedis.ch/kyber/v3 v3.0.4 h1:FDuC/S3STkvwxZ0ooo3gcp56QkUKsN7Jy7cpzBxL+vQ=
go.dedis.ch/kyber/v3 v3.0.4/go.mod h1:OzvaEnPvKlyrWyp3kGXlFdp7ap1VC6RkZDTaPikqhsQ=
go.dedis.ch/protobuf v1.0.5/go.mod h1:eIV4wicvi6JK0q/QnfIEGeSFNG0ZeB24kzut5+HaRLo=
golang.org/x/crypto v0.0.0-20190123085648-057139ce5d2b/go.mod h1:6SG95UA2DQfeDnfUPMdvaQW0Q7yPrPDi9nlGo2tz2b4=
golang.org/x/crypto v0.11.1-0.20230711161743-2e82bdd1719d h1:LiA25/KWKuXfIq5pMIBq1s5hz3HQxhJJSu/SUGlD+SM=
golang.org/x/crypto v0.11.1-0.20230711161743-2e82bdd1719d/go.mod h1:xgJhtzW8F9jGdVFWZESrid1U1bjeNy4zgy5cRr/CIio=
golang.org/x/sys v0.0.0-20190124100055-b90733256f2e/go.mod h1:STP8DvDyc/dI5b8T5hshtkjS+E42TnysNCUPdjciGhY=
golang.org/x/sys v0.10.0 h1:SqMFp9UcQJZa+pmYuAKjd9xq1f0j5rLcDIk0mj4qAsA=
golang.org/x/sys v0.10.0/go.mod h1:oPkhp1MJrh7nUepCBck5+mAzfO9JrbApNNgaTdGDITg=
lukechampine.com/blake3 v1.4.1 h1:I3Smz7gso8w4/TunLKec6K2fn+kyKtDxr/xcQEN84Wg=
lukechampine.com/blake3 v1.4.1/go.mod h1:QFosUxmjB8mnrWFSNwKmvxHpfY72bmD2tQ0kBMM3kwo=
